
Microsoft Visual Studio Solution File, Format Version 12.00
# Visual Studio 15
VisualStudioVersion = 15.0.27428.2011
MinimumVisualStudioVersion = 10.0.40219.1
Project("{FAE04EC0-301F-11D3-BF4B-00C04F79EFBC}") = "MVP_FIAP_FiNext", "MVP_FIAP_FiNext\MVP_FIAP_FiNext.csproj", "{0D0D456D-303C-48DF-9E7B-387AC30526EA}"
EndProject
Global
	GlobalSection(SolutionConfigurationPlatforms) = preSolution
		Debug|Any CPU = Debug|Any CPU
		Release|Any CPU = Release|Any CPU
	EndGlobalSection
	GlobalSection(ProjectConfigurationPlatforms) = postSolution
		{0D0D456D-303C-48DF-9E7B-387AC30526EA}.Debug|Any CPU.ActiveCfg = Debug|Any CPU
		{0D0D456D-303C-48DF-9E7B-387AC30526EA}.Debug|Any CPU.Build.0 = Debug|Any CPU
		{0D0D456D-303C-48DF-9E7B-387AC30526EA}.Release|Any CPU.ActiveCfg = Release|Any CPU
		{0D0D456D-303C-48DF-9E7B-387AC30526EA}.Release|Any CPU.Build.0 = Release|Any CPU
	EndGlobalSection
	GlobalSection(SolutionProperties) = preSolution
		HideSolutionNode = FALSE
	EndGlobalSection
	GlobalSection(ExtensibilityGlobals) = postSolution
		SolutionGuid = {DC0D86B7-7A7B-4F7F-8A52-2AB788584041}
	EndGlobalSection
EndGlobal
